// !$*UTF8*$!
{
	archiveVersion = 1;
	classes = {
	};
	objectVersion = 46;
	objects = {

/* Begin PBXBuildFile section */
		358B91371F970AAD0007EFB2 /* WhiteBoxControl.swift in Sources */ = {isa = PBXBuildFile; fileRef = 358B91361F970AAD0007EFB2 /* WhiteBoxControl.swift */; };
		35E175081F6F8EE600DC50E4 /* AppDelegate.swift in Sources */ = {isa = PBXBuildFile; fileRef = 35E175071F6F8EE600DC50E4 /* AppDelegate.swift */; };
		35E1750A1F6F8EE600DC50E4 /* ViewController.swift in Sources */ = {isa = PBXBuildFile; fileRef = 35E175091F6F8EE600DC50E4 /* ViewController.swift */; };
		35E1750F1F6F8EE600DC50E4 /* Assets.xcassets in Resources */ = {isa = PBXBuildFile; fileRef = 35E1750E1F6F8EE600DC50E4 /* Assets.xcassets */; };
		35E175121F6F8EE600DC50E4 /* LaunchScreen.storyboard in Resources */ = {isa = PBXBuildFile; fileRef = 35E175101F6F8EE600DC50E4 /* LaunchScreen.storyboard */; };
		35EB20691F70DCB30038F38F /* back-active.png in Resources */ = {isa = PBXBuildFile; fileRef = 35EB20541F70DCB30038F38F /* back-active.png */; };
		35EB206A1F70DCB30038F38F /* back-inactive.png in Resources */ = {isa = PBXBuildFile; fileRef = 35EB20551F70DCB30038F38F /* back-inactive.png */; };
		35EB206B1F70DCB30038F38F /* BG-Content.png in Resources */ = {isa = PBXBuildFile; fileRef = 35EB20561F70DCB30038F38F /* BG-Content.png */; };
		35EB206C1F70DCB30038F38F /* BG.png in Resources */ = {isa = PBXBuildFile; fileRef = 35EB20571F70DCB30038F38F /* BG.png */; };
		35EB206D1F70DCB30038F38F /* button-lg.png in Resources */ = {isa = PBXBuildFile; fileRef = 35EB20581F70DCB30038F38F /* button-lg.png */; };
		35EB206E1F70DCB30038F38F /* button-sm-blank.png in Resources */ = {isa = PBXBuildFile; fileRef = 35EB20591F70DCB30038F38F /* button-sm-blank.png */; };
		35EB206F1F70DCB30038F38F /* button-sm.png in Resources */ = {isa = PBXBuildFile; fileRef = 35EB205A1F70DCB30038F38F /* button-sm.png */; };
		35EB20701F70DCB30038F38F /* camera-bg.png in Resources */ = {isa = PBXBuildFile; fileRef = 35EB205B1F70DCB30038F38F /* camera-bg.png */; };
		35EB20711F70DCB30038F38F /* Check-Box-Fill.png in Resources */ = {isa = PBXBuildFile; fileRef = 35EB205C1F70DCB30038F38F /* Check-Box-Fill.png */; };
		35EB20721F70DCB30038F38F /* Check-Box.png in Resources */ = {isa = PBXBuildFile; fileRef = 35EB205D1F70DCB30038F38F /* Check-Box.png */; };
		35EB20731F70DCB30038F38F /* ic_tick.png in Resources */ = {isa = PBXBuildFile; fileRef = 35EB205E1F70DCB30038F38F /* ic_tick.png */; };
		35EB20741F70DCB30038F38F /* input-bg.png in Resources */ = {isa = PBXBuildFile; fileRef = 35EB205F1F70DCB30038F38F /* input-bg.png */; };
		35EB20751F70DCB30038F38F /* Line-Varify.png in Resources */ = {isa = PBXBuildFile; fileRef = 35EB20601F70DCB30038F38F /* Line-Varify.png */; };
		35EB20761F70DCB30038F38F /* logo-L.png in Resources */ = {isa = PBXBuildFile; fileRef = 35EB20611F70DCB30038F38F /* logo-L.png */; };
		35EB20771F70DCB30038F38F /* logo-sm.png in Resources */ = {isa = PBXBuildFile; fileRef = 35EB20621F70DCB30038F38F /* logo-sm.png */; };
		35EB20781F70DCB30038F38F /* nav-togle.png in Resources */ = {isa = PBXBuildFile; fileRef = 35EB20631F70DCB30038F38F /* nav-togle.png */; };
		35EB20791F70DCB30038F38F /* next-button-bg.png in Resources */ = {isa = PBXBuildFile; fileRef = 35EB20641F70DCB30038F38F /* next-button-bg.png */; };
		35EB207A1F70DCB30038F38F /* slide-border.png in Resources */ = {isa = PBXBuildFile; fileRef = 35EB20651F70DCB30038F38F /* slide-border.png */; };
		35EB207B1F70DCB30038F38F /* slide-fill.png in Resources */ = {isa = PBXBuildFile; fileRef = 35EB20661F70DCB30038F38F /* slide-fill.png */; };
		35EB207C1F70DCB30038F38F /* type-pad-bg.png in Resources */ = {isa = PBXBuildFile; fileRef = 35EB20671F70DCB30038F38F /* type-pad-bg.png */; };
		35EB207D1F70DCB30038F38F /* underline.png in Resources */ = {isa = PBXBuildFile; fileRef = 35EB20681F70DCB30038F38F /* underline.png */; };
		35EB207F1F70DDCC0038F38F /* InitialViewController.swift in Sources */ = {isa = PBXBuildFile; fileRef = 35EB207E1F70DDCC0038F38F /* InitialViewController.swift */; };
		35EB20811F70DEAC0038F38F /* GetStartedControler.swift in Sources */ = {isa = PBXBuildFile; fileRef = 35EB20801F70DEAC0038F38F /* GetStartedControler.swift */; };
		35EB20831F70DEEE0038F38F /* ScanDriversLicense.swift in Sources */ = {isa = PBXBuildFile; fileRef = 35EB20821F70DEEE0038F38F /* ScanDriversLicense.swift */; };
		35EB20851F70DF0E0038F38F /* PhoneNumberScreen.swift in Sources */ = {isa = PBXBuildFile; fileRef = 35EB20841F70DF0E0038F38F /* PhoneNumberScreen.swift */; };
		35EB20871F70DF2D0038F38F /* VerifyPhoneNumber.swift in Sources */ = {isa = PBXBuildFile; fileRef = 35EB20861F70DF2D0038F38F /* VerifyPhoneNumber.swift */; };
		35EB20891F70DF4E0038F38F /* CreditCardScreen.swift in Sources */ = {isa = PBXBuildFile; fileRef = 35EB20881F70DF4E0038F38F /* CreditCardScreen.swift */; };
		35EB208B1F70F74A0038F38F /* UIController.swift in Sources */ = {isa = PBXBuildFile; fileRef = 35EB208A1F70F74A0038F38F /* UIController.swift */; };
		35EB208D1F70FD370038F38F /* BaseControl.swift in Sources */ = {isa = PBXBuildFile; fileRef = 35EB208C1F70FD370038F38F /* BaseControl.swift */; };
/* End PBXBuildFile section */

/* Begin PBXFileReference section */
		358B91361F970AAD0007EFB2 /* WhiteBoxControl.swift */ = {isa = PBXFileReference; fileEncoding = 4; lastKnownFileType = sourcecode.swift; path = WhiteBoxControl.swift; sourceTree = "<group>"; };
		35E175041F6F8EE600DC50E4 /* QuickLoan.app */ = {isa = PBXFileReference; explicitFileType = wrapper.application; includeInIndex = 0; path = QuickLoan.app; sourceTree = BUILT_PRODUCTS_DIR; };
		35E175071F6F8EE600DC50E4 /* AppDelegate.swift */ = {isa = PBXFileReference; lastKnownFileType = sourcecode.swift; path = AppDelegate.swift; sourceTree = "<group>"; };
		35E175091F6F8EE600DC50E4 /* ViewController.swift */ = {isa = PBXFileReference; lastKnownFileType = sourcecode.swift; path = ViewController.swift; sourceTree = "<group>"; };
		35E1750E1F6F8EE600DC50E4 /* Assets.xcassets */ = {isa = PBXFileReference; lastKnownFileType = folder.assetcatalog; path = Assets.xcassets; sourceTree = "<group>"; };
		35E175111F6F8EE600DC50E4 /* Base */ = {isa = PBXFileReference; lastKnownFileType = file.storyboard; name = Base; path = Base.lproj/LaunchScreen.storyboard; sourceTree = "<group>"; };
		35E175131F6F8EE600DC50E4 /* Info.plist */ = {isa = PBXFileReference; lastKnownFileType = text.plist.xml; path = Info.plist; sourceTree = "<group>"; };
		35EB20541F70DCB30038F38F /* back-active.png */ = {isa = PBXFileReference; lastKnownFileType = image.png; path = "back-active.png"; sourceTree = "<group>"; };
		35EB20551F70DCB30038F38F /* back-inactive.png */ = {isa = PBXFileReference; lastKnownFileType = image.png; path = "back-inactive.png"; sourceTree = "<group>"; };
		35EB20561F70DCB30038F38F /* BG-Content.png */ = {isa = PBXFileReference; lastKnownFileType = image.png; path = "BG-Content.png"; sourceTree = "<group>"; };
		35EB20571F70DCB30038F38F /* BG.png */ = {isa = PBXFileReference; lastKnownFileType = image.png; path = BG.png; sourceTree = "<group>"; };
		35EB20581F70DCB30038F38F /* button-lg.png */ = {isa = PBXFileReference; lastKnownFileType = image.png; path = "button-lg.png"; sourceTree = "<group>"; };
		35EB20591F70DCB30038F38F /* button-sm-blank.png */ = {isa = PBXFileReference; lastKnownFileType = image.png; path = "button-sm-blank.png"; sourceTree = "<group>"; };
		35EB205A1F70DCB30038F38F /* button-sm.png */ = {isa = PBXFileReference; lastKnownFileType = image.png; path = "button-sm.png"; sourceTree = "<group>"; };
		35EB205B1F70DCB30038F38F /* camera-bg.png */ = {isa = PBXFileReference; lastKnownFileType = image.png; path = "camera-bg.png"; sourceTree = "<group>"; };
		35EB205C1F70DCB30038F38F /* Check-Box-Fill.png */ = {isa = PBXFileReference; lastKnownFileType = image.png; path = "Check-Box-Fill.png"; sourceTree = "<group>"; };
		35EB205D1F70DCB30038F38F /* Check-Box.png */ = {isa = PBXFileReference; lastKnownFileType = image.png; path = "Check-Box.png"; sourceTree = "<group>"; };
		35EB205E1F70DCB30038F38F /* ic_tick.png */ = {isa = PBXFileReference; lastKnownFileType = image.png; path = ic_tick.png; sourceTree = "<group>"; };
		35EB205F1F70DCB30038F38F /* input-bg.png */ = {isa = PBXFileReference; lastKnownFileType = image.png; path = "input-bg.png"; sourceTree = "<group>"; };
		35EB20601F70DCB30038F38F /* Line-Varify.png */ = {isa = PBXFileReference; lastKnownFileType = image.png; path = "Line-Varify.png"; sourceTree = "<group>"; };
		35EB20611F70DCB30038F38F /* logo-L.png */ = {isa = PBXFileReference; lastKnownFileType = image.png; path = "logo-L.png"; sourceTree = "<group>"; };
		35EB20621F70DCB30038F38F /* logo-sm.png */ = {isa = PBXFileReference; lastKnownFileType = image.png; path = "logo-sm.png"; sourceTree = "<group>"; };
		35EB20631F70DCB30038F38F /* nav-togle.png */ = {isa = PBXFileReference; lastKnownFileType = image.png; path = "nav-togle.png"; sourceTree = "<group>"; };
		35EB20641F70DCB30038F38F /* next-button-bg.png */ = {isa = PBXFileReference; lastKnownFileType = image.png; path = "next-button-bg.png"; sourceTree = "<group>"; };
		35EB20651F70DCB30038F38F /* slide-border.png */ = {isa = PBXFileReference; lastKnownFileType = image.png; path = "slide-border.png"; sourceTree = "<group>"; };
		35EB20661F70DCB30038F38F /* slide-fill.png */ = {isa = PBXFileReference; lastKnownFileType = image.png; path = "slide-fill.png"; sourceTree = "<group>"; };
		35EB20671F70DCB30038F38F /* type-pad-bg.png */ = {isa = PBXFileReference; lastKnownFileType = image.png; path = "type-pad-bg.png"; sourceTree = "<group>"; };
		35EB20681F70DCB30038F38F /* underline.png */ = {isa = PBXFileReference; lastKnownFileType = image.png; path = underline.png; sourceTree = "<group>"; };
		35EB207E1F70DDCC0038F38F /* InitialViewController.swift */ = {isa = PBXFileReference; fileEncoding = 4; lastKnownFileType = sourcecode.swift; path = InitialViewController.swift; sourceTree = "<group>"; };
		35EB20801F70DEAC0038F38F /* GetStartedControler.swift */ = {isa = PBXFileReference; fileEncoding = 4; lastKnownFileType = sourcecode.swift; path = GetStartedControler.swift; sourceTree = "<group>"; };
		35EB20821F70DEEE0038F38F /* ScanDriversLicense.swift */ = {isa = PBXFileReference; fileEncoding = 4; lastKnownFileType = sourcecode.swift; path = ScanDriversLicense.swift; sourceTree = "<group>"; };
		35EB20841F70DF0E0038F38F /* PhoneNumberScreen.swift */ = {isa = PBXFileReference; fileEncoding = 4; lastKnownFileType = sourcecode.swift; path = PhoneNumberScreen.swift; sourceTree = "<group>"; };
		35EB20861F70DF2D0038F38F /* VerifyPhoneNumber.swift */ = {isa = PBXFileReference; fileEncoding = 4; lastKnownFileType = sourcecode.swift; path = VerifyPhoneNumber.swift; sourceTree = "<group>"; };
		35EB20881F70DF4E0038F38F /* CreditCardScreen.swift */ = {isa = PBXFileReference; fileEncoding = 4; lastKnownFileType = sourcecode.swift; path = CreditCardScreen.swift; sourceTree = "<group>"; };
		35EB208A1F70F74A0038F38F /* UIController.swift */ = {isa = PBXFileReference; fileEncoding = 4; lastKnownFileType = sourcecode.swift; path = UIController.swift; sourceTree = "<group>"; };
		35EB208C1F70FD370038F38F /* BaseControl.swift */ = {isa = PBXFileReference; fileEncoding = 4; lastKnownFileType = sourcecode.swift; path = BaseControl.swift; sourceTree = "<group>"; };
/* End PBXFileReference section */

/* Begin PBXFrameworksBuildPhase section */
		35E175011F6F8EE600DC50E4 /* Frameworks */ = {
			isa = PBXFrameworksBuildPhase;
			buildActionMask = 2147483647;
			files = (
			);
			runOnlyForDeploymentPostprocessing = 0;
		};
/* End PBXFrameworksBuildPhase section */

/* Begin PBXGroup section */
		35E174FB1F6F8EE500DC50E4 = {
			isa = PBXGroup;
			children = (
				35E175061F6F8EE600DC50E4 /* QuickLoan */,
				35E175051F6F8EE600DC50E4 /* Products */,
			);
			sourceTree = "<group>";
		};
		35E175051F6F8EE600DC50E4 /* Products */ = {
			isa = PBXGroup;
			children = (
				35E175041F6F8EE600DC50E4 /* QuickLoan.app */,
			);
			name = Products;
			sourceTree = "<group>";
		};
		35E175061F6F8EE600DC50E4 /* QuickLoan */ = {
			isa = PBXGroup;
			children = (
				35EB20501F70DC680038F38F /* Assets */,
				35EB204C1F70DBAF0038F38F /* Controller */,
				35EB204D1F70DBAF0038F38F /* Custom Controles */,
				35EB204E1F70DBAF0038F38F /* Model */,
				35EB204F1F70DBAF0038F38F /* View */,
				35E175071F6F8EE600DC50E4 /* AppDelegate.swift */,
				35E175091F6F8EE600DC50E4 /* ViewController.swift */,
				35E1750E1F6F8EE600DC50E4 /* Assets.xcassets */,
				35E175101F6F8EE600DC50E4 /* LaunchScreen.storyboard */,
				35E175131F6F8EE600DC50E4 /* Info.plist */,
			);
			path = QuickLoan;
			sourceTree = "<group>";
		};
		35EB204C1F70DBAF0038F38F /* Controller */ = {
			isa = PBXGroup;
			children = (
				35EB208A1F70F74A0038F38F /* UIController.swift */,
			);
			path = Controller;
			sourceTree = "<group>";
		};
		35EB204D1F70DBAF0038F38F /* Custom Controles */ = {
			isa = PBXGroup;
			children = (
				35EB208C1F70FD370038F38F /* BaseControl.swift */,
				358B91361F970AAD0007EFB2 /* WhiteBoxControl.swift */,
			);
			name = "Custom Controles";
			path = "Custom Controlers";
			sourceTree = "<group>";
		};
		35EB204E1F70DBAF0038F38F /* Model */ = {
			isa = PBXGroup;
			children = (
			);
			path = Model;
			sourceTree = "<group>";
		};
		35EB204F1F70DBAF0038F38F /* View */ = {
			isa = PBXGroup;
			children = (
				35EB207E1F70DDCC0038F38F /* InitialViewController.swift */,
				35EB20801F70DEAC0038F38F /* GetStartedControler.swift */,
				35EB20821F70DEEE0038F38F /* ScanDriversLicense.swift */,
				35EB20841F70DF0E0038F38F /* PhoneNumberScreen.swift */,
				35EB20861F70DF2D0038F38F /* VerifyPhoneNumber.swift */,
				35EB20881F70DF4E0038F38F /* CreditCardScreen.swift */,
			);
			path = View;
			sourceTree = "<group>";
		};
		35EB20501F70DC680038F38F /* Assets */ = {
			isa = PBXGroup;
			children = (
				35EB20511F70DC680038F38F /* Images */,
				35EB20521F70DC680038F38F /* Sound */,
				35EB20531F70DC680038F38F /* Videos */,
			);
			path = Assets;
			sourceTree = "<group>";
		};
		35EB20511F70DC680038F38F /* Images */ = {
			isa = PBXGroup;
			children = (
				35EB20541F70DCB30038F38F /* back-active.png */,
				35EB20551F70DCB30038F38F /* back-inactive.png */,
				35EB20561F70DCB30038F38F /* BG-Content.png */,
				35EB20571F70DCB30038F38F /* BG.png */,
				35EB20581F70DCB30038F38F /* button-lg.png */,
				35EB20591F70DCB30038F38F /* button-sm-blank.png */,
				35EB205A1F70DCB30038F38F /* button-sm.png */,
				35EB205B1F70DCB30038F38F /* camera-bg.png */,
				35EB205C1F70DCB30038F38F /* Check-Box-Fill.png */,
				35EB205D1F70DCB30038F38F /* Check-Box.png */,
				35EB205E1F70DCB30038F38F /* ic_tick.png */,
				35EB205F1F70DCB30038F38F /* input-bg.png */,
				35EB20601F70DCB30038F38F /* Line-Varify.png */,
				35EB20611F70DCB30038F38F /* logo-L.png */,
				35EB20621F70DCB30038F38F /* logo-sm.png */,
				35EB20631F70DCB30038F38F /* nav-togle.png */,
				35EB20641F70DCB30038F38F /* next-button-bg.png */,
				35EB20651F70DCB30038F38F /* slide-border.png */,
				35EB20661F70DCB30038F38F /* slide-fill.png */,
				35EB20671F70DCB30038F38F /* type-pad-bg.png */,
				35EB20681F70DCB30038F38F /* underline.png */,
			);
			path = Images;
			sourceTree = "<group>";
		};
		35EB20521F70DC680038F38F /* Sound */ = {
			isa = PBXGroup;
			children = (
			);
			path = Sound;
			sourceTree = "<group>";
		};
		35EB20531F70DC680038F38F /* Videos */ = {
			isa = PBXGroup;
			children = (
			);
			path = Videos;
			sourceTree = "<group>";
		};
/* End PBXGroup section */

/* Begin PBXNativeTarget section */
		35E175031F6F8EE600DC50E4 /* QuickLoan */ = {
			isa = PBXNativeTarget;
			buildConfigurationList = 35E175161F6F8EE600DC50E4 /* Build configuration list for PBXNativeTarget "QuickLoan" */;
			buildPhases = (
				35E175001F6F8EE600DC50E4 /* Sources */,
				35E175011F6F8EE600DC50E4 /* Frameworks */,
				35E175021F6F8EE600DC50E4 /* Resources */,
			);
			buildRules = (
			);
			dependencies = (
			);
			name = QuickLoan;
			productName = QuickLoan;
			productReference = 35E175041F6F8EE600DC50E4 /* QuickLoan.app */;
			productType = "com.apple.product-type.application";
		};
/* End PBXNativeTarget section */

/* Begin PBXProject section */
		35E174FC1F6F8EE500DC50E4 /* Project object */ = {
			isa = PBXProject;
			attributes = {
				LastSwiftUpdateCheck = 0800;
				LastUpgradeCheck = 0800;
				ORGANIZATIONNAME = Televersant.com;
				TargetAttributes = {
					35E175031F6F8EE600DC50E4 = {
						CreatedOnToolsVersion = 8.0;
						DevelopmentTeam = 9522QNJ9GN;
						ProvisioningStyle = Automatic;
					};
				};
			};
			buildConfigurationList = 35E174FF1F6F8EE500DC50E4 /* Build configuration list for PBXProject "QuickLoan" */;
			compatibilityVersion = "Xcode 3.2";
			developmentRegion = English;
			hasScannedForEncodings = 0;
			knownRegions = (
				en,
				Base,
			);
			mainGroup = 35E174FB1F6F8EE500DC50E4;
			productRefGroup = 35E175051F6F8EE600DC50E4 /* Products */;
			projectDirPath = "";
			projectRoot = "";
			targets = (
				35E175031F6F8EE600DC50E4 /* QuickLoan */,
			);
		};
/* End PBXProject section */

/* Begin PBXResourcesBuildPhase section */
		35E175021F6F8EE600DC50E4 /* Resources */ = {
			isa = PBXResourcesBuildPhase;
			buildActionMask = 2147483647;
			files = (
				35EB20721F70DCB30038F38F /* Check-Box.png in Resources */,
				35EB20781F70DCB30038F38F /* nav-togle.png in Resources */,
				35EB20691F70DCB30038F38F /* back-active.png in Resources */,
				35EB20711F70DCB30038F38F /* Check-Box-Fill.png in Resources */,
				35EB206F1F70DCB30038F38F /* button-sm.png in Resources */,
				35EB207D1F70DCB30038F38F /* underline.png in Resources */,
				35EB206A1F70DCB30038F38F /* back-inactive.png in Resources */,
				35EB206C1F70DCB30038F38F /* BG.png in Resources */,
				35EB207A1F70DCB30038F38F /* slide-border.png in Resources */,
				35E175121F6F8EE600DC50E4 /* LaunchScreen.storyboard in Resources */,
				35EB20761F70DCB30038F38F /* logo-L.png in Resources */,
				35EB20701F70DCB30038F38F /* camera-bg.png in Resources */,
				35EB20731F70DCB30038F38F /* ic_tick.png in Resources */,
				35EB207C1F70DCB30038F38F /* type-pad-bg.png in Resources */,
				35EB206E1F70DCB30038F38F /* button-sm-blank.png in Resources */,
				35EB206B1F70DCB30038F38F /* BG-Content.png in Resources */,
				35EB20771F70DCB30038F38F /* logo-sm.png in Resources */,
				35EB20791F70DCB30038F38F /* next-button-bg.png in Resources */,
				35EB206D1F70DCB30038F38F /* button-lg.png in Resources */,
				35E1750F1F6F8EE600DC50E4 /* Assets.xcassets in Resources */,
				35EB20741F70DCB30038F38F /* input-bg.png in Resources */,
				35EB207B1F70DCB30038F38F /* slide-fill.png in Resources */,
				35EB20751F70DCB30038F38F /* Line-Varify.png in Resources */,
			);
			runOnlyForDeploymentPostprocessing = 0;
		};
/* End PBXResourcesBuildPhase section */

/* Begin PBXSourcesBuildPhase section */
		35E175001F6F8EE600DC50E4 /* Sources */ = {
			isa = PBXSourcesBuildPhase;
			buildActionMask = 2147483647;
			files = (
				35EB207F1F70DDCC0038F38F /* InitialViewController.swift in Sources */,
				35E1750A1F6F8EE600DC50E4 /* ViewController.swift in Sources */,
				35EB208B1F70F74A0038F38F /* UIController.swift in Sources */,
				35EB20831F70DEEE0038F38F /* ScanDriversLicense.swift in Sources */,
				35EB208D1F70FD370038F38F /* BaseControl.swift in Sources */,
				358B91371F970AAD0007EFB2 /* WhiteBoxControl.swift in Sources */,
				35EB20871F70DF2D0038F38F /* VerifyPhoneNumber.swift in Sources */,
				35EB20851F70DF0E0038F38F /* PhoneNumberScreen.swift in Sources */,
				35E175081F6F8EE600DC50E4 /* AppDelegate.swift in Sources */,
				35EB20891F70DF4E0038F38F /* CreditCardScreen.swift in Sources */,
				35EB20811F70DEAC0038F38F /* GetStartedControler.swift in Sources */,
			);
			runOnlyForDeploymentPostprocessing = 0;
		};
/* End PBXSourcesBuildPhase section */

/* Begin PBXVariantGroup section */
		35E175101F6F8EE600DC50E4 /* LaunchScreen.storyboard */ = {
			isa = PBXVariantGroup;
			children = (
				35E175111F6F8EE600DC50E4 /* Base */,
			);
			name = LaunchScreen.storyboard;
			sourceTree = "<group>";
		};
/* End PBXVariantGroup section */

/* Begin XCBuildConfiguration section */
		35E175141F6F8EE600DC50E4 /* Debug */ = {
			isa = XCBuildConfiguration;
			buildSettings = {
				ALWAYS_SEARCH_USER_PATHS = NO;
				CLANG_ANALYZER_NONNULL = YES;
				CLANG_CXX_LANGUAGE_STANDARD = "gnu++0x";
				CLANG_CXX_LIBRARY = "libc++";
				CLANG_ENABLE_MODULES = YES;
				CLANG_ENABLE_OBJC_ARC = YES;
				CLANG_WARN_BOOL_CONVERSION = YES;
				CLANG_WARN_CONSTANT_CONVERSION = YES;
				CLANG_WARN_DIRECT_OBJC_ISA_USAGE = YES_ERROR;
				CLANG_WARN_DOCUMENTATION_COMMENTS = YES;
				CLANG_WARN_EMPTY_BODY = YES;
				CLANG_WARN_ENUM_CONVERSION = YES;
				CLANG_WARN_INFINITE_RECURSION = YES;
				CLANG_WARN_INT_CONVERSION = YES;
				CLANG_WARN_OBJC_ROOT_CLASS = YES_ERROR;
				CLANG_WARN_SUSPICIOUS_MOVES = YES;
				CLANG_WARN_UNREACHABLE_CODE = YES;
				CLANG_WARN__DUPLICATE_METHOD_MATCH = YES;
				"CODE_SIGN_IDENTITY[sdk=iphoneos*]" = "iPhone Developer";
				COPY_PHASE_STRIP = NO;
				DEBUG_INFORMATION_FORMAT = dwarf;
				ENABLE_STRICT_OBJC_MSGSEND = YES;
				ENABLE_TESTABILITY = YES;
				GCC_C_LANGUAGE_STANDARD = gnu99;
				GCC_DYNAMIC_NO_PIC = NO;
				GCC_NO_COMMON_BLOCKS = YES;
				GCC_OPTIMIZATION_LEVEL = 0;
				GCC_PREPROCESSOR_DEFINITIONS = (
					"DEBUG=1",
					"$(inherited)",
				);
				GCC_WARN_64_TO_32_BIT_CONVERSION = YES;
				GCC_WARN_ABOUT_RETURN_TYPE = YES_ERROR;
				GCC_WARN_UNDECLARED_SELECTOR = YES;
				GCC_WARN_UNINITIALIZED_AUTOS = YES_AGGRESSIVE;
				GCC_WARN_UNUSED_FUNCTION = YES;
				GCC_WARN_UNUSED_VARIABLE = YES;
				IPHONEOS_DEPLOYMENT_TARGET = 10.0;
				MTL_ENABLE_DEBUG_INFO = YES;
				ONLY_ACTIVE_ARCH = YES;
				SDKROOT = iphoneos;
				SWIFT_ACTIVE_COMPILATION_CONDITIONS = DEBUG;
				SWIFT_OPTIMIZATION_LEVEL = "-Onone";
			};
			name = Debug;
		};
		35E175151F6F8EE600DC50E4 /* Release */ = {
			isa = XCBuildConfiguration;
			buildSettings = {
				ALWAYS_SEARCH_USER_PATHS = NO;
				CLANG_ANALYZER_NONNULL = YES;
				CLANG_CXX_LANGUAGE_STANDARD = "gnu++0x";
				CLANG_CXX_LIBRARY = "libc++";
				CLANG_ENABLE_MODULES = YES;
				CLANG_ENABLE_OBJC_ARC = YES;
				CLANG_WARN_BOOL_CONVERSION = YES;
				CLANG_WARN_CONSTANT_CONVERSION = YES;
				CLANG_WARN_DIRECT_OBJC_ISA_USAGE = YES_ERROR;
				CLANG_WARN_DOCUMENTATION_COMMENTS = YES;
				CLANG_WARN_EMPTY_BODY = YES;
				CLANG_WARN_ENUM_CONVERSION = YES;
				CLANG_WARN_INFINITE_RECURSION = YES;
				CLANG_WARN_INT_CONVERSION = YES;
				CLANG_WARN_OBJC_ROOT_CLASS = YES_ERROR;
				CLANG_WARN_SUSPICIOUS_MOVES = YES;
				CLANG_WARN_UNREACHABLE_CODE = YES;
				CLANG_WARN__DUPLICATE_METHOD_MATCH = YES;
				"CODE_SIGN_IDENTITY[sdk=iphoneos*]" = "iPhone Developer";
				COPY_PHASE_STRIP = NO;
				DEBUG_INFORMATION_FORMAT = "dwarf-with-dsym";
				ENABLE_NS_ASSERTIONS = NO;
				ENABLE_STRICT_OBJC_MSGSEND = YES;
				GCC_C_LANGUAGE_STANDARD = gnu99;
				GCC_NO_COMMON_BLOCKS = YES;
				GCC_WARN_64_TO_32_BIT_CONVERSION = YES;
				GCC_WARN_ABOUT_RETURN_TYPE = YES_ERROR;
				GCC_WARN_UNDECLARED_SELECTOR = YES;
				GCC_WARN_UNINITIALIZED_AUTOS = YES_AGGRESSIVE;
				GCC_WARN_UNUSED_FUNCTION = YES;
				GCC_WARN_UNUSED_VARIABLE = YES;
				IPHONEOS_DEPLOYMENT_TARGET = 10.0;
				MTL_ENABLE_DEBUG_INFO = NO;
				SDKROOT = iphoneos;
				SWIFT_OPTIMIZATION_LEVEL = "-Owholemodule";
				VALIDATE_PRODUCT = YES;
			};
			name = Release;
		};
		35E175171F6F8EE600DC50E4 /* Debug */ = {
			isa = XCBuildConfiguration;
			buildSettings = {
				ASSETCATALOG_COMPILER_APPICON_NAME = AppIcon;
				DEVELOPMENT_TEAM = 9522QNJ9GN;
				INFOPLIST_FILE = QuickLoan/Info.plist;
				IPHONEOS_DEPLOYMENT_TARGET = 9.3;
				LD_RUNPATH_SEARCH_PATHS = "$(inherited) @executable_path/Frameworks";
				PRODUCT_BUNDLE_IDENTIFIER = televersant.QuickLoan;
				PRODUCT_NAME = "$(TARGET_NAME)";
				SWIFT_VERSION = 3.0;
				TARGETED_DEVICE_FAMILY = "1,2";
			};
			name = Debug;
		};
		35E175181F6F8EE600DC50E4 /* Release */ = {
			isa = XCBuildConfiguration;
			buildSettings = {
				ASSETCATALOG_COMPILER_APPICON_NAME = AppIcon;
				DEVELOPMENT_TEAM = 9522QNJ9GN;
				INFOPLIST_FILE = QuickLoan/Info.plist;
				IPHONEOS_DEPLOYMENT_TARGET = 9.3;
				LD_RUNPATH_SEARCH_PATHS = "$(inherited) @executable_path/Frameworks";
				PRODUCT_BUNDLE_IDENTIFIER = televersant.QuickLoan;
				PRODUCT_NAME = "$(TARGET_NAME)";
				SWIFT_VERSION = 3.0;
				TARGETED_DEVICE_FAMILY = "1,2";
			};
			name = Release;
		};
/* End XCBuildConfiguration section */

/* Begin XCConfigurationList section */
		35E174FF1F6F8EE500DC50E4 /* Build configuration list for PBXProject "QuickLoan" */ = {
			isa = XCConfigurationList;
			buildConfigurations = (
				35E175141F6F8EE600DC50E4 /* Debug */,
				35E175151F6F8EE600DC50E4 /* Release */,
			);
			defaultConfigurationIsVisible = 0;
			defaultConfigurationName = Release;
		};
		35E175161F6F8EE600DC50E4 /* Build configuration list for PBXNativeTarget "QuickLoan" */ = {
			isa = XCConfigurationList;
			buildConfigurations = (
				35E175171F6F8EE600DC50E4 /* Debug */,
				35E175181F6F8EE600DC50E4 /* Release */,
			);
			defaultConfigurationIsVisible = 0;
			defaultConfigurationName = Release;
		};
/* End XCConfigurationList section */
	};
	rootObject = 35E174FC1F6F8EE500DC50E4 /* Project object */;
}
